Microsoft Visual Studio Solution File, Format Version 12.00
# Visual Studio Version 17
VisualStudioVersion = 17.5.2.0
MinimumVisualStudioVersion = 10.0.40219.1
Project("{FAE04EC0-301F-11D3-BF4B-00C04F79EFBC}") = "Play.Catalog.Service", "Play.Catalog.Service\Play.Catalog.Service.csproj", "{3311CFC6-D9D2-25A2-2009-C39BB7F62661}"
EndProject
Global
	GlobalSection(SolutionConfigurationPlatforms) = preSolution
		Debug|Any CPU = Debug|Any CPU
		Release|Any CPU = Release|Any CPU
	EndGlobalSection
	GlobalSection(ProjectConfigurationPlatforms) = postSolution
		{3311CFC6-D9D2-25A2-2009-C39BB7F62661}.Debug|Any CPU.ActiveCfg = Debug|Any CPU
		{3311CFC6-D9D2-25A2-2009-C39BB7F62661}.Debug|Any CPU.Build.0 = Debug|Any CPU
		{3311CFC6-D9D2-25A2-2009-C39BB7F62661}.Release|Any CPU.ActiveCfg = Release|Any CPU
		{3311CFC6-D9D2-25A2-2009-C39BB7F62661}.Release|Any CPU.Build.0 = Release|Any CPU
	EndGlobalSection
	GlobalSection(SolutionProperties) = preSolution
		HideSolutionNode = FALSE
	EndGlobalSection
	GlobalSection(ExtensibilityGlobals) = postSolution
		SolutionGuid = {6A91E273-2EA7-4C27-A6FC-8274A4C48562}
	EndGlobalSection
EndGlobal
